
Microsoft Visual Studio Solution File, Format Version 12.00
# Visual Studio Version 17
VisualStudioVersion = 17.3.32611.2
MinimumVisualStudioVersion = 10.0.40219.1
Project("{FAE04EC0-301F-11D3-BF4B-00C04F79EFBC}") = "ErogeHelper", "ErogeHelper\ErogeHelper.csproj", "{7FD82356-95B4-447D-B55F-E440CA74074D}"
EndProject
Global
	GlobalSection(SolutionConfigurationPlatforms) = preSolution
		Debug|Any CPU = Debug|Any CPU
		Release|Any CPU = Release|Any CPU
	EndGlobalSection
	GlobalSection(ProjectConfigurationPlatforms) = postSolution
		{7FD82356-95B4-447D-B55F-E440CA74074D}.Debug|Any CPU.ActiveCfg = Debug|Any CPU
		{7FD82356-95B4-447D-B55F-E440CA74074D}.Debug|Any CPU.Build.0 = Debug|Any CPU
		{7FD82356-95B4-447D-B55F-E440CA74074D}.Release|Any CPU.ActiveCfg = Release|Any CPU
		{7FD82356-95B4-447D-B55F-E440CA74074D}.Release|Any CPU.Build.0 = Release|Any CPU
	EndGlobalSection
	GlobalSection(SolutionProperties) = preSolution
		HideSolutionNode = FALSE
	EndGlobalSection
	GlobalSection(ExtensibilityGlobals) = postSolution
		SolutionGuid = {DFBF7845-787D-4D7D-B4E1-0087744DE7FA}
	EndGlobalSection
EndGlobal
